
Microsoft Visual Studio Solution File, Format Version 11.00
# Visual Studio 2010
Project("{FAE04EC0-301F-11D3-BF4B-00C04F79EFBC}") = "Droppy", "Droppy\Droppy.csproj", "{5DD1EF6E-4D19-4900-965E-820BC2E989F1}"
EndProject
Global
	GlobalSection(SolutionConfigurationPlatforms) = preSolution
		Debug|x86 = Debug|x86
		Release|x86 = Release|x86
	EndGlobalSection
	GlobalSection(ProjectConfigurationPlatforms) = postSolution
		{5DD1EF6E-4D19-4900-965E-820BC2E989F1}.Debug|x86.ActiveCfg = Debug|x86
		{5DD1EF6E-4D19-4900-965E-820BC2E989F1}.Debug|x86.Build.0 = Debug|x86
		{5DD1EF6E-4D19-4900-965E-820BC2E989F1}.Release|x86.ActiveCfg = Release|x86
		{5DD1EF6E-4D19-4900-965E-820BC2E989F1}.Release|x86.Build.0 = Release|x86
	EndGlobalSection
	GlobalSection(SolutionProperties) = preSolution
		HideSolutionNode = FALSE
	EndGlobalSection
EndGlobal
